
Microsoft Visual Studio Solution File, Format Version 12.00
# Visual Studio Version 17
VisualStudioVersion = 17.9.34728.123
MinimumVisualStudioVersion = 10.0.40219.1
Project("{2150E333-8FDC-42A3-9474-1A3956D46DE8}") = "src", "src", "{FFA76882-2886-4F5B-99C6-091C528FCD00}"
EndProject
Project("{FAE04EC0-301F-11D3-BF4B-00C04F79EFBC}") = "HealthMed.Presentation", "HealthMed.Presentation\HealthMed.Presentation.csproj", "{1D9ED8C2-953E-46F6-B660-A43E943F6B12}"
EndProject
Project("{FAE04EC0-301F-11D3-BF4B-00C04F79EFBC}") = "HealthMed.Application", "HealthMed.Application\HealthMed.Application.csproj", "{57FD9079-34BE-486A-81E8-EF8155D4E674}"
EndProject
Project("{FAE04EC0-301F-11D3-BF4B-00C04F79EFBC}") = "HealthMed.Data", "HealthMed.Data\HealthMed.Data.csproj", "{A5D4F2B4-6ECF-411F-8F85-7B1C0448FC96}"
EndProject
Project("{FAE04EC0-301F-11D3-BF4B-00C04F79EFBC}") = "HealthMed.Persistence", "HealthMed.Persistence\HealthMed.Persistence.csproj", "{1537E27C-8411-46DC-BCD6-2EB5A079550E}"
EndProject
Project("{FAE04EC0-301F-11D3-BF4B-00C04F79EFBC}") = "HealthMed.Domain", "HealthMed.Domain\HealthMed.Domain.csproj", "{B8FD1A5C-46F4-4933-AFDC-75546CCBF503}"
EndProject
Project("{2150E333-8FDC-42A3-9474-1A3956D46DE8}") = "WebJobs", "WebJobs", "{8828AFA4-22F8-4647-A81A-2A4425F2DEFE}"
EndProject
Project("{FAE04EC0-301F-11D3-BF4B-00C04F79EFBC}") = "HealthMed.Agendamentos", "WebJobs\HealthMed.Agendamentos\HealthMed.Agendamentos.csproj", "{42C6D5EE-4444-4D60-B405-91BB24868FAC}"
EndProject
Project("{FAE04EC0-301F-11D3-BF4B-00C04F79EFBC}") = "HealthMed.Notificacoes", "WebJobs\HealthMed.Notificacoes\HealthMed.Notificacoes.csproj", "{3AE18F0B-46EE-4CE3-9100-4E60FDC6FF66}"
EndProject
Project("{E53339B2-1760-4266-BCC7-CA923CBCF16C}") = "docker-compose", "docker-compose.dcproj", "{A46C38A4-F338-47E3-B7E7-9D85818DB3A5}"
EndProject
Project("{2150E333-8FDC-42A3-9474-1A3956D46DE8}") = "tests", "tests", "{072F9D1E-DDD2-4E00-93DB-DF642EFF447E}"
EndProject
Project("{FAE04EC0-301F-11D3-BF4B-00C04F79EFBC}") = "HealthMed.Tests", "HealthMed.Tests\HealthMed.Tests.csproj", "{1518AB2A-0D86-4765-BEBA-4DB7D0A4B783}"
EndProject
Global
	GlobalSection(SolutionConfigurationPlatforms) = preSolution
		Debug|Any CPU = Debug|Any CPU
		Release|Any CPU = Release|Any CPU
	EndGlobalSection
	GlobalSection(ProjectConfigurationPlatforms) = postSolution
		{1D9ED8C2-953E-46F6-B660-A43E943F6B12}.Debug|Any CPU.ActiveCfg = Debug|Any CPU
		{1D9ED8C2-953E-46F6-B660-A43E943F6B12}.Debug|Any CPU.Build.0 = Debug|Any CPU
		{1D9ED8C2-953E-46F6-B660-A43E943F6B12}.Release|Any CPU.ActiveCfg = Release|Any CPU
		{1D9ED8C2-953E-46F6-B660-A43E943F6B12}.Release|Any CPU.Build.0 = Release|Any CPU
		{57FD9079-34BE-486A-81E8-EF8155D4E674}.Debug|Any CPU.ActiveCfg = Debug|Any CPU
		{57FD9079-34BE-486A-81E8-EF8155D4E674}.Debug|Any CPU.Build.0 = Debug|Any CPU
		{57FD9079-34BE-486A-81E8-EF8155D4E674}.Release|Any CPU.ActiveCfg = Release|Any CPU
		{57FD9079-34BE-486A-81E8-EF8155D4E674}.Release|Any CPU.Build.0 = Release|Any CPU
		{A5D4F2B4-6ECF-411F-8F85-7B1C0448FC96}.Debug|Any CPU.ActiveCfg = Debug|Any CPU
		{A5D4F2B4-6ECF-411F-8F85-7B1C0448FC96}.Debug|Any CPU.Build.0 = Debug|Any CPU
		{A5D4F2B4-6ECF-411F-8F85-7B1C0448FC96}.Release|Any CPU.ActiveCfg = Release|Any CPU
		{A5D4F2B4-6ECF-411F-8F85-7B1C0448FC96}.Release|Any CPU.Build.0 = Release|Any CPU
		{1537E27C-8411-46DC-BCD6-2EB5A079550E}.Debug|Any CPU.ActiveCfg = Debug|Any CPU
		{1537E27C-8411-46DC-BCD6-2EB5A079550E}.Debug|Any CPU.Build.0 = Debug|Any CPU
		{1537E27C-8411-46DC-BCD6-2EB5A079550E}.Release|Any CPU.ActiveCfg = Release|Any CPU
		{1537E27C-8411-46DC-BCD6-2EB5A079550E}.Release|Any CPU.Build.0 = Release|Any CPU
		{B8FD1A5C-46F4-4933-AFDC-75546CCBF503}.Debug|Any CPU.ActiveCfg = Debug|Any CPU
		{B8FD1A5C-46F4-4933-AFDC-75546CCBF503}.Debug|Any CPU.Build.0 = Debug|Any CPU
		{B8FD1A5C-46F4-4933-AFDC-75546CCBF503}.Release|Any CPU.ActiveCfg = Release|Any CPU
		{B8FD1A5C-46F4-4933-AFDC-75546CCBF503}.Release|Any CPU.Build.0 = Release|Any CPU
		{42C6D5EE-4444-4D60-B405-91BB24868FAC}.Debug|Any CPU.ActiveCfg = Debug|Any CPU
		{42C6D5EE-4444-4D60-B405-91BB24868FAC}.Debug|Any CPU.Build.0 = Debug|Any CPU
		{42C6D5EE-4444-4D60-B405-91BB24868FAC}.Release|Any CPU.ActiveCfg = Release|Any CPU
		{42C6D5EE-4444-4D60-B405-91BB24868FAC}.Release|Any CPU.Build.0 = Release|Any CPU
		{3AE18F0B-46EE-4CE3-9100-4E60FDC6FF66}.Debug|Any CPU.ActiveCfg = Debug|Any CPU
		{3AE18F0B-46EE-4CE3-9100-4E60FDC6FF66}.Debug|Any CPU.Build.0 = Debug|Any CPU
		{3AE18F0B-46EE-4CE3-9100-4E60FDC6FF66}.Release|Any CPU.ActiveCfg = Release|Any CPU
		{3AE18F0B-46EE-4CE3-9100-4E60FDC6FF66}.Release|Any CPU.Build.0 = Release|Any CPU
		{A46C38A4-F338-47E3-B7E7-9D85818DB3A5}.Debug|Any CPU.ActiveCfg = Debug|Any CPU
		{A46C38A4-F338-47E3-B7E7-9D85818DB3A5}.Debug|Any CPU.Build.0 = Debug|Any CPU
		{A46C38A4-F338-47E3-B7E7-9D85818DB3A5}.Release|Any CPU.ActiveCfg = Release|Any CPU
		{A46C38A4-F338-47E3-B7E7-9D85818DB3A5}.Release|Any CPU.Build.0 = Release|Any CPU
		{1518AB2A-0D86-4765-BEBA-4DB7D0A4B783}.Debug|Any CPU.ActiveCfg = Debug|Any CPU
		{1518AB2A-0D86-4765-BEBA-4DB7D0A4B783}.Debug|Any CPU.Build.0 = Debug|Any CPU
		{1518AB2A-0D86-4765-BEBA-4DB7D0A4B783}.Release|Any CPU.ActiveCfg = Release|Any CPU
		{1518AB2A-0D86-4765-BEBA-4DB7D0A4B783}.Release|Any CPU.Build.0 = Release|Any CPU
	EndGlobalSection
	GlobalSection(SolutionProperties) = preSolution
		HideSolutionNode = FALSE
	EndGlobalSection
	GlobalSection(NestedProjects) = preSolution
		{1D9ED8C2-953E-46F6-B660-A43E943F6B12} = {FFA76882-2886-4F5B-99C6-091C528FCD00}
		{57FD9079-34BE-486A-81E8-EF8155D4E674} = {FFA76882-2886-4F5B-99C6-091C528FCD00}
		{A5D4F2B4-6ECF-411F-8F85-7B1C0448FC96} = {FFA76882-2886-4F5B-99C6-091C528FCD00}
		{1537E27C-8411-46DC-BCD6-2EB5A079550E} = {FFA76882-2886-4F5B-99C6-091C528FCD00}
		{B8FD1A5C-46F4-4933-AFDC-75546CCBF503} = {FFA76882-2886-4F5B-99C6-091C528FCD00}
		{8828AFA4-22F8-4647-A81A-2A4425F2DEFE} = {FFA76882-2886-4F5B-99C6-091C528FCD00}
		{42C6D5EE-4444-4D60-B405-91BB24868FAC} = {8828AFA4-22F8-4647-A81A-2A4425F2DEFE}
		{3AE18F0B-46EE-4CE3-9100-4E60FDC6FF66} = {8828AFA4-22F8-4647-A81A-2A4425F2DEFE}
		{1518AB2A-0D86-4765-BEBA-4DB7D0A4B783} = {072F9D1E-DDD2-4E00-93DB-DF642EFF447E}
	EndGlobalSection
	GlobalSection(ExtensibilityGlobals) = postSolution
		SolutionGuid = {7B323996-97C6-41D4-9C62-6450CD5C4FE4}
	EndGlobalSection
EndGlobal
